
Microsoft Visual Studio Solution File, Format Version 12.00
# Visual Studio Version 16
VisualStudioVersion = 16.0.29613.14
MinimumVisualStudioVersion = 10.0.40219.1
Project("{FAE04EC0-301F-11D3-BF4B-00C04F79EFBC}") = "OldHouse", "OldHouse\OldHouse.csproj", "{EBD03EFF-5925-48D9-97C0-182211B9E5DA}"
EndProject
Global
	GlobalSection(SolutionConfigurationPlatforms) = preSolution
		Debug|Any CPU = Debug|Any CPU
		Release|Any CPU = Release|Any CPU
	EndGlobalSection
	GlobalSection(ProjectConfigurationPlatforms) = postSolution
		{EBD03EFF-5925-48D9-97C0-182211B9E5DA}.Debug|Any CPU.ActiveCfg = Debug|Any CPU
		{EBD03EFF-5925-48D9-97C0-182211B9E5DA}.Debug|Any CPU.Build.0 = Debug|Any CPU
		{EBD03EFF-5925-48D9-97C0-182211B9E5DA}.Release|Any CPU.ActiveCfg = Release|Any CPU
		{EBD03EFF-5925-48D9-97C0-182211B9E5DA}.Release|Any CPU.Build.0 = Release|Any CPU
	EndGlobalSection
	GlobalSection(SolutionProperties) = preSolution
		HideSolutionNode = FALSE
	EndGlobalSection
	GlobalSection(ExtensibilityGlobals) = postSolution
		SolutionGuid = {26A0ED37-C53B-4CB9-97B8-6401DAB61CF7}
	EndGlobalSection
EndGlobal
